// !$*UTF8*$!
{
	archiveVersion = 1;
	classes = {
	};
	objectVersion = 56;
	objects = {

/* Begin PBXBuildFile section */
		BD05F3FB2AD6B2FD00BCC51A /* Apple_FrameworksApp.swift in Sources */ = {isa = PBXBuildFile; fileRef = BD05F3FA2AD6B2FD00BCC51A /* Apple_FrameworksApp.swift */; };
		BD05F3FF2AD6B2FE00BCC51A /* Assets.xcassets in Resources */ = {isa = PBXBuildFile; fileRef = BD05F3FE2AD6B2FE00BCC51A /* Assets.xcassets */; };
		BD05F4022AD6B2FE00BCC51A /* Preview Assets.xcassets in Resources */ = {isa = PBXBuildFile; fileRef = BD05F4012AD6B2FE00BCC51A /* Preview Assets.xcassets */; };
		BD05F4092AD6B3AD00BCC51A /* Framework.swift in Sources */ = {isa = PBXBuildFile; fileRef = BD05F4082AD6B3AD00BCC51A /* Framework.swift */; };
		BD05F40B2AD6BF3600BCC51A /* FrameworkGridView.swift in Sources */ = {isa = PBXBuildFile; fileRef = BD05F40A2AD6BF3600BCC51A /* FrameworkGridView.swift */; };
		BD500B442AE81F1C0027AB28 /* FrameworkDetailView.swift in Sources */ = {isa = PBXBuildFile; fileRef = BD500B432AE81F1C0027AB28 /* FrameworkDetailView.swift */; };
		BDA4E4A12AE96CF100A8D027 /* AFButton.swift in Sources */ = {isa = PBXBuildFile; fileRef = BDA4E4A02AE96CF100A8D027 /* AFButton.swift */; };
		BDA4E4A32AE974DD00A8D027 /* FrameworkGridViewModel.swift in Sources */ = {isa = PBXBuildFile; fileRef = BDA4E4A22AE974DD00A8D027 /* FrameworkGridViewModel.swift */; };
		BDD0D0602AEBC30F00E3D971 /* SafariView.swift in Sources */ = {isa = PBXBuildFile; fileRef = BDD0D05F2AEBC30F00E3D971 /* SafariView.swift */; };
/* End PBXBuildFile section */

/* Begin PBXFileReference section */
		BD05F3F72AD6B2FD00BCC51A /* Apple-Frameworks.app */ = {isa = PBXFileReference; explicitFileType = wrapper.application; includeInIndex = 0; path = "Apple-Frameworks.app"; sourceTree = BUILT_PRODUCTS_DIR; };
		BD05F3FA2AD6B2FD00BCC51A /* Apple_FrameworksApp.swift */ = {isa = PBXFileReference; lastKnownFileType = sourcecode.swift; path = Apple_FrameworksApp.swift; sourceTree = "<group>"; };
		BD05F3FE2AD6B2FE00BCC51A /* Assets.xcassets */ = {isa = PBXFileReference; lastKnownFileType = folder.assetcatalog; path = Assets.xcassets; sourceTree = "<group>"; };
		BD05F4012AD6B2FE00BCC51A /* Preview Assets.xcassets */ = {isa = PBXFileReference; lastKnownFileType = folder.assetcatalog; path = "Preview Assets.xcassets"; sourceTree = "<group>"; };
		BD05F4082AD6B3AD00BCC51A /* Framework.swift */ = {isa = PBXFileReference; lastKnownFileType = sourcecode.swift; path = Framework.swift; sourceTree = "<group>"; };
		BD05F40A2AD6BF3600BCC51A /* FrameworkGridView.swift */ = {isa = PBXFileReference; lastKnownFileType = sourcecode.swift; path = FrameworkGridView.swift; sourceTree = "<group>"; };
		BD500B432AE81F1C0027AB28 /* FrameworkDetailView.swift */ = {isa = PBXFileReference; lastKnownFileType = sourcecode.swift; path = FrameworkDetailView.swift; sourceTree = "<group>"; };
		BDA4E4A02AE96CF100A8D027 /* AFButton.swift */ = {isa = PBXFileReference; lastKnownFileType = sourcecode.swift; path = AFButton.swift; sourceTree = "<group>"; };
		BDA4E4A22AE974DD00A8D027 /* FrameworkGridViewModel.swift */ = {isa = PBXFileReference; lastKnownFileType = sourcecode.swift; path = FrameworkGridViewModel.swift; sourceTree = "<group>"; };
		BDD0D05F2AEBC30F00E3D971 /* SafariView.swift */ = {isa = PBXFileReference; lastKnownFileType = sourcecode.swift; path = SafariView.swift; sourceTree = "<group>"; };
/* End PBXFileReference section */

/* Begin PBXFrameworksBuildPhase section */
		BD05F3F42AD6B2FD00BCC51A /* Frameworks */ = {
			isa = PBXFrameworksBuildPhase;
			buildActionMask = 2147483647;
			files = (
			);
			runOnlyForDeploymentPostprocessing = 0;
		};
/* End PBXFrameworksBuildPhase section */

/* Begin PBXGroup section */
		BD05F3EE2AD6B2FD00BCC51A = {
			isa = PBXGroup;
			children = (
				BD05F3F92AD6B2FD00BCC51A /* Apple-Frameworks */,
				BD05F3F82AD6B2FD00BCC51A /* Products */,
			);
			sourceTree = "<group>";
		};
		BD05F3F82AD6B2FD00BCC51A /* Products */ = {
			isa = PBXGroup;
			children = (
				BD05F3F72AD6B2FD00BCC51A /* Apple-Frameworks.app */,
			);
			name = Products;
			sourceTree = "<group>";
		};
		BD05F3F92AD6B2FD00BCC51A /* Apple-Frameworks */ = {
			isa = PBXGroup;
			children = (
				BD48EFF42AF105960084949E /* UIKit Components */,
				BD48EFF32AF105740084949E /* Model */,
				BD48EFF72AF106E60084949E /* Screens */,
				BD48EFF52AF105C20084949E /* App Components */,
				BD05F3FA2AD6B2FD00BCC51A /* Apple_FrameworksApp.swift */,
				BD05F3FE2AD6B2FE00BCC51A /* Assets.xcassets */,
				BD05F4002AD6B2FE00BCC51A /* Preview Content */,
			);
			path = "Apple-Frameworks";
			sourceTree = "<group>";
		};
		BD05F4002AD6B2FE00BCC51A /* Preview Content */ = {
			isa = PBXGroup;
			children = (
				BD05F4012AD6B2FE00BCC51A /* Preview Assets.xcassets */,
			);
			path = "Preview Content";
			sourceTree = "<group>";
		};
		BD48EFF32AF105740084949E /* Model */ = {
			isa = PBXGroup;
			children = (
				BD05F4082AD6B3AD00BCC51A /* Framework.swift */,
			);
			path = Model;
			sourceTree = "<group>";
		};
		BD48EFF42AF105960084949E /* UIKit Components */ = {
			isa = PBXGroup;
			children = (
				BDD0D05F2AEBC30F00E3D971 /* SafariView.swift */,
			);
			path = "UIKit Components";
			sourceTree = "<group>";
		};
		BD48EFF52AF105C20084949E /* App Components */ = {
			isa = PBXGroup;
			children = (
				BD48EFF62AF105D20084949E /* Buttons */,
			);
			path = "App Components";
			sourceTree = "<group>";
		};
		BD48EFF62AF105D20084949E /* Buttons */ = {
			isa = PBXGroup;
			children = (
				BDA4E4A02AE96CF100A8D027 /* AFButton.swift */,
			);
			path = Buttons;
			sourceTree = "<group>";
		};
		BD48EFF72AF106E60084949E /* Screens */ = {
			isa = PBXGroup;
			children = (
				BD48EFF82AF1074A0084949E /* FrameworkGrid */,
				BD48EFF92AF107850084949E /* FramewokDetails */,
			);
			path = Screens;
			sourceTree = "<group>";
		};
		BD48EFF82AF1074A0084949E /* FrameworkGrid */ = {
			isa = PBXGroup;
			children = (
				BD05F40A2AD6BF3600BCC51A /* FrameworkGridView.swift */,
				BDA4E4A22AE974DD00A8D027 /* FrameworkGridViewModel.swift */,
			);
			path = FrameworkGrid;
			sourceTree = "<group>";
		};
		BD48EFF92AF107850084949E /* FramewokDetails */ = {
			isa = PBXGroup;
			children = (
				BD500B432AE81F1C0027AB28 /* FrameworkDetailView.swift */,
			);
			path = FramewokDetails;
			sourceTree = "<group>";
		};
/* End PBXGroup section */

/* Begin PBXNativeTarget section */
		BD05F3F62AD6B2FD00BCC51A /* Apple-Frameworks */ = {
			isa = PBXNativeTarget;
			buildConfigurationList = BD05F4052AD6B2FE00BCC51A /* Build configuration list for PBXNativeTarget "Apple-Frameworks" */;
			buildPhases = (
				BD05F3F32AD6B2FD00BCC51A /* Sources */,
				BD05F3F42AD6B2FD00BCC51A /* Frameworks */,
				BD05F3F52AD6B2FD00BCC51A /* Resources */,
			);
			buildRules = (
			);
			dependencies = (
			);
			name = "Apple-Frameworks";
			productName = "Apple-Frameworks";
			productReference = BD05F3F72AD6B2FD00BCC51A /* Apple-Frameworks.app */;
			productType = "com.apple.product-type.application";
		};
/* End PBXNativeTarget section */

/* Begin PBXProject section */
		BD05F3EF2AD6B2FD00BCC51A /* Project object */ = {
			isa = PBXProject;
			attributes = {
				BuildIndependentTargetsInParallel = 1;
				LastSwiftUpdateCheck = 1500;
				LastUpgradeCheck = 1500;
				TargetAttributes = {
					BD05F3F62AD6B2FD00BCC51A = {
						CreatedOnToolsVersion = 15.0;
					};
				};
			};
			buildConfigurationList = BD05F3F22AD6B2FD00BCC51A /* Build configuration list for PBXProject "Apple-Frameworks" */;
			compatibilityVersion = "Xcode 14.0";
			developmentRegion = en;
			hasScannedForEncodings = 0;
			knownRegions = (
				en,
				Base,
			);
			mainGroup = BD05F3EE2AD6B2FD00BCC51A;
			productRefGroup = BD05F3F82AD6B2FD00BCC51A /* Products */;
			projectDirPath = "";
			projectRoot = "";
			targets = (
				BD05F3F62AD6B2FD00BCC51A /* Apple-Frameworks */,
			);
		};
/* End PBXProject section */

/* Begin PBXResourcesBuildPhase section */
		BD05F3F52AD6B2FD00BCC51A /* Resources */ = {
			isa = PBXResourcesBuildPhase;
			buildActionMask = 2147483647;
			files = (
				BD05F4022AD6B2FE00BCC51A /* Preview Assets.xcassets in Resources */,
				BD05F3FF2AD6B2FE00BCC51A /* Assets.xcassets in Resources */,
			);
			runOnlyForDeploymentPostprocessing = 0;
		};
/* End PBXResourcesBuildPhase section */

/* Begin PBXSourcesBuildPhase section */
		BD05F3F32AD6B2FD00BCC51A /* Sources */ = {
			isa = PBXSourcesBuildPhase;
			buildActionMask = 2147483647;
			files = (
				BD500B442AE81F1C0027AB28 /* FrameworkDetailView.swift in Sources */,
				BD05F40B2AD6BF3600BCC51A /* FrameworkGridView.swift in Sources */,
				BD05F4092AD6B3AD00BCC51A /* Framework.swift in Sources */,
				BDA4E4A12AE96CF100A8D027 /* AFButton.swift in Sources */,
				BD05F3FB2AD6B2FD00BCC51A /* Apple_FrameworksApp.swift in Sources */,
				BDA4E4A32AE974DD00A8D027 /* FrameworkGridViewModel.swift in Sources */,
				BDD0D0602AEBC30F00E3D971 /* SafariView.swift in Sources */,
			);
			runOnlyForDeploymentPostprocessing = 0;
		};
/* End PBXSourcesBuildPhase section */

/* Begin XCBuildConfiguration section */
		BD05F4032AD6B2FE00BCC51A /* Debug */ = {
			isa = XCBuildConfiguration;
			buildSettings = {
				ALWAYS_SEARCH_USER_PATHS = NO;
				ASSETCATALOG_COMPILER_GENERATE_SWIFT_ASSET_SYMBOL_EXTENSIONS = YES;
				CLANG_ANALYZER_NONNULL = YES;
				CLANG_ANALYZER_NUMBER_OBJECT_CONVERSION = YES_AGGRESSIVE;
				CLANG_CXX_LANGUAGE_STANDARD = "gnu++20";
				CLANG_ENABLE_MODULES = YES;
				CLANG_ENABLE_OBJC_ARC = YES;
				CLANG_ENABLE_OBJC_WEAK = YES;
				CLANG_WARN_BLOCK_CAPTURE_AUTORELEASING = YES;
				CLANG_WARN_BOOL_CONVERSION = YES;
				CLANG_WARN_COMMA = YES;
				CLANG_WARN_CONSTANT_CONVERSION = YES;
				CLANG_WARN_DEPRECATED_OBJC_IMPLEMENTATIONS = YES;
				CLANG_WARN_DIRECT_OBJC_ISA_USAGE = YES_ERROR;
				CLANG_WARN_DOCUMENTATION_COMMENTS = YES;
				CLANG_WARN_EMPTY_BODY = YES;
				CLANG_WARN_ENUM_CONVERSION = YES;
				CLANG_WARN_INFINITE_RECURSION = YES;
				CLANG_WARN_INT_CONVERSION = YES;
				CLANG_WARN_NON_LITERAL_NULL_CONVERSION = YES;
				CLANG_WARN_OBJC_IMPLICIT_RETAIN_SELF = YES;
				CLANG_WARN_OBJC_LITERAL_CONVERSION = YES;
				CLANG_WARN_OBJC_ROOT_CLASS = YES_ERROR;
				CLANG_WARN_QUOTED_INCLUDE_IN_FRAMEWORK_HEADER = YES;
				CLANG_WARN_RANGE_LOOP_ANALYSIS = YES;
				CLANG_WARN_STRICT_PROTOTYPES = YES;
				CLANG_WARN_SUSPICIOUS_MOVE = YES;
				CLANG_WARN_UNGUARDED_AVAILABILITY = YES_AGGRESSIVE;
				CLANG_WARN_UNREACHABLE_CODE = YES;
				CLANG_WARN__DUPLICATE_METHOD_MATCH = YES;
				COPY_PHASE_STRIP = NO;
				DEBUG_INFORMATION_FORMAT = dwarf;
				ENABLE_STRICT_OBJC_MSGSEND = YES;
				ENABLE_TESTABILITY = YES;
				ENABLE_USER_SCRIPT_SANDBOXING = YES;
				GCC_C_LANGUAGE_STANDARD = gnu17;
				GCC_DYNAMIC_NO_PIC = NO;
				GCC_NO_COMMON_BLOCKS = YES;
				GCC_OPTIMIZATION_LEVEL = 0;
				GCC_PREPROCESSOR_DEFINITIONS = (
					"DEBUG=1",
					"$(inherited)",
				);
				GCC_WARN_64_TO_32_BIT_CONVERSION = YES;
				GCC_WARN_ABOUT_RETURN_TYPE = YES_ERROR;
				GCC_WARN_UNDECLARED_SELECTOR = YES;
				GCC_WARN_UNINITIALIZED_AUTOS = YES_AGGRESSIVE;
				GCC_WARN_UNUSED_FUNCTION = YES;
				GCC_WARN_UNUSED_VARIABLE = YES;
				IPHONEOS_DEPLOYMENT_TARGET = 17.0;
				LOCALIZATION_PREFERS_STRING_CATALOGS = YES;
				MTL_ENABLE_DEBUG_INFO = INCLUDE_SOURCE;
				MTL_FAST_MATH = YES;
				ONLY_ACTIVE_ARCH = YES;
				SDKROOT = iphoneos;
				SWIFT_ACTIVE_COMPILATION_CONDITIONS = "DEBUG $(inherited)";
				SWIFT_OPTIMIZATION_LEVEL = "-Onone";
			};
			name = Debug;
		};
		BD05F4042AD6B2FE00BCC51A /* Release */ = {
			isa = XCBuildConfiguration;
			buildSettings = {
				ALWAYS_SEARCH_USER_PATHS = NO;
				ASSETCATALOG_COMPILER_GENERATE_SWIFT_ASSET_SYMBOL_EXTENSIONS = YES;
				CLANG_ANALYZER_NONNULL = YES;
				CLANG_ANALYZER_NUMBER_OBJECT_CONVERSION = YES_AGGRESSIVE;
				CLANG_CXX_LANGUAGE_STANDARD = "gnu++20";
				CLANG_ENABLE_MODULES = YES;
				CLANG_ENABLE_OBJC_ARC = YES;
				CLANG_ENABLE_OBJC_WEAK = YES;
				CLANG_WARN_BLOCK_CAPTURE_AUTORELEASING = YES;
				CLANG_WARN_BOOL_CONVERSION = YES;
				CLANG_WARN_COMMA = YES;
				CLANG_WARN_CONSTANT_CONVERSION = YES;
				CLANG_WARN_DEPRECATED_OBJC_IMPLEMENTATIONS = YES;
				CLANG_WARN_DIRECT_OBJC_ISA_USAGE = YES_ERROR;
				CLANG_WARN_DOCUMENTATION_COMMENTS = YES;
				CLANG_WARN_EMPTY_BODY = YES;
				CLANG_WARN_ENUM_CONVERSION = YES;
				CLANG_WARN_INFINITE_RECURSION = YES;
				CLANG_WARN_INT_CONVERSION = YES;
				CLANG_WARN_NON_LITERAL_NULL_CONVERSION = YES;
				CLANG_WARN_OBJC_IMPLICIT_RETAIN_SELF = YES;
				CLANG_WARN_OBJC_LITERAL_CONVERSION = YES;
				CLANG_WARN_OBJC_ROOT_CLASS = YES_ERROR;
				CLANG_WARN_QUOTED_INCLUDE_IN_FRAMEWORK_HEADER = YES;
				CLANG_WARN_RANGE_LOOP_ANALYSIS = YES;
				CLANG_WARN_STRICT_PROTOTYPES = YES;
				CLANG_WARN_SUSPICIOUS_MOVE = YES;
				CLANG_WARN_UNGUARDED_AVAILABILITY = YES_AGGRESSIVE;
				CLANG_WARN_UNREACHABLE_CODE = YES;
				CLANG_WARN__DUPLICATE_METHOD_MATCH = YES;
				COPY_PHASE_STRIP = NO;
				DEBUG_INFORMATION_FORMAT = "dwarf-with-dsym";
				ENABLE_NS_ASSERTIONS = NO;
				ENABLE_STRICT_OBJC_MSGSEND = YES;
				ENABLE_USER_SCRIPT_SANDBOXING = YES;
				GCC_C_LANGUAGE_STANDARD = gnu17;
				GCC_NO_COMMON_BLOCKS = YES;
				GCC_WARN_64_TO_32_BIT_CONVERSION = YES;
				GCC_WARN_ABOUT_RETURN_TYPE = YES_ERROR;
				GCC_WARN_UNDECLARED_SELECTOR = YES;
				GCC_WARN_UNINITIALIZED_AUTOS = YES_AGGRESSIVE;
				GCC_WARN_UNUSED_FUNCTION = YES;
				GCC_WARN_UNUSED_VARIABLE = YES;
				IPHONEOS_DEPLOYMENT_TARGET = 17.0;
				LOCALIZATION_PREFERS_STRING_CATALOGS = YES;
				MTL_ENABLE_DEBUG_INFO = NO;
				MTL_FAST_MATH = YES;
				SDKROOT = iphoneos;
				SWIFT_COMPILATION_MODE = wholemodule;
				VALIDATE_PRODUCT = YES;
			};
			name = Release;
		};
		BD05F4062AD6B2FE00BCC51A /* Debug */ = {
			isa = XCBuildConfiguration;
			buildSettings = {
				ASSETCATALOG_COMPILER_APPICON_NAME = AppIcon;
				ASSETCATALOG_COMPILER_GLOBAL_ACCENT_COLOR_NAME = AccentColor;
				CODE_SIGN_STYLE = Automatic;
				CURRENT_PROJECT_VERSION = 1;
				DEVELOPMENT_ASSET_PATHS = "\"Apple-Frameworks/Preview Content\"";
				ENABLE_PREVIEWS = YES;
				GENERATE_INFOPLIST_FILE = YES;
				INFOPLIST_KEY_UIApplicationSceneManifest_Generation = YES;
				INFOPLIST_KEY_UIApplicationSupportsIndirectInputEvents = YES;
				INFOPLIST_KEY_UILaunchScreen_Generation = YES;
				INFOPLIST_KEY_UISupportedInterfaceOrientations_iPad = "UIInterfaceOrientationPortrait UIInterfaceOrientationPortraitUpsideDown UIInterfaceOrientationLandscapeLeft UIInterfaceOrientationLandscapeRight";
				INFOPLIST_KEY_UISupportedInterfaceOrientations_iPhone = "UIInterfaceOrientationPortrait UIInterfaceOrientationLandscapeLeft UIInterfaceOrientationLandscapeRight";
				LD_RUNPATH_SEARCH_PATHS = (
					"$(inherited)",
					"@executable_path/Frameworks",
				);
				MARKETING_VERSION = 1.0;
				PRODUCT_BUNDLE_IDENTIFIER = "com.hackingwithswift.Apple-Frameworks";
				PRODUCT_NAME = "$(TARGET_NAME)";
				SWIFT_EMIT_LOC_STRINGS = YES;
				SWIFT_VERSION = 5.0;
				TARGETED_DEVICE_FAMILY = "1,2";
			};
			name = Debug;
		};
		BD05F4072AD6B2FE00BCC51A /* Release */ = {
			isa = XCBuildConfiguration;
			buildSettings = {
				ASSETCATALOG_COMPILER_APPICON_NAME = AppIcon;
				ASSETCATALOG_COMPILER_GLOBAL_ACCENT_COLOR_NAME = AccentColor;
				CODE_SIGN_STYLE = Automatic;
				CURRENT_PROJECT_VERSION = 1;
				DEVELOPMENT_ASSET_PATHS = "\"Apple-Frameworks/Preview Content\"";
				ENABLE_PREVIEWS = YES;
				GENERATE_INFOPLIST_FILE = YES;
				INFOPLIST_KEY_UIApplicationSceneManifest_Generation = YES;
				INFOPLIST_KEY_UIApplicationSupportsIndirectInputEvents = YES;
				INFOPLIST_KEY_UILaunchScreen_Generation = YES;
				INFOPLIST_KEY_UISupportedInterfaceOrientations_iPad = "UIInterfaceOrientationPortrait UIInterfaceOrientationPortraitUpsideDown UIInterfaceOrientationLandscapeLeft UIInterfaceOrientationLandscapeRight";
				INFOPLIST_KEY_UISupportedInterfaceOrientations_iPhone = "UIInterfaceOrientationPortrait UIInterfaceOrientationLandscapeLeft UIInterfaceOrientationLandscapeRight";
				LD_RUNPATH_SEARCH_PATHS = (
					"$(inherited)",
					"@executable_path/Frameworks",
				);
				MARKETING_VERSION = 1.0;
				PRODUCT_BUNDLE_IDENTIFIER = "com.hackingwithswift.Apple-Frameworks";
				PRODUCT_NAME = "$(TARGET_NAME)";
				SWIFT_EMIT_LOC_STRINGS = YES;
				SWIFT_VERSION = 5.0;
				TARGETED_DEVICE_FAMILY = "1,2";
			};
			name = Release;
		};
/* End XCBuildConfiguration section */

/* Begin XCConfigurationList section */
		BD05F3F22AD6B2FD00BCC51A /* Build configuration list for PBXProject "Apple-Frameworks" */ = {
			isa = XCConfigurationList;
			buildConfigurations = (
				BD05F4032AD6B2FE00BCC51A /* Debug */,
				BD05F4042AD6B2FE00BCC51A /* Release */,
			);
			defaultConfigurationIsVisible = 0;
			defaultConfigurationName = Release;
		};
		BD05F4052AD6B2FE00BCC51A /* Build configuration list for PBXNativeTarget "Apple-Frameworks" */ = {
			isa = XCConfigurationList;
			buildConfigurations = (
				BD05F4062AD6B2FE00BCC51A /* Debug */,
				BD05F4072AD6B2FE00BCC51A /* Release */,
			);
			defaultConfigurationIsVisible = 0;
			defaultConfigurationName = Release;
		};
/* End XCConfigurationList section */
	};
	rootObject = BD05F3EF2AD6B2FD00BCC51A /* Project object */;
}
